
Microsoft Visual Studio Solution File, Format Version 12.00
# Visual Studio 15
VisualStudioVersion = 15.0.28307.1321
MinimumVisualStudioVersion = 10.0.40219.1
Project("{FAE04EC0-301F-11D3-BF4B-00C04F79EFBC}") = "ConsoleApp9", "ConsoleApp9\ConsoleApp9.csproj", "{20900C4F-BB31-4D19-BBF6-652202A538EE}"
EndProject
Global
	GlobalSection(SolutionConfigurationPlatforms) = preSolution
		Debug|Any CPU = Debug|Any CPU
		Release|Any CPU = Release|Any CPU
	EndGlobalSection
	GlobalSection(ProjectConfigurationPlatforms) = postSolution
		{20900C4F-BB31-4D19-BBF6-652202A538EE}.Debug|Any CPU.ActiveCfg = Debug|Any CPU
		{20900C4F-BB31-4D19-BBF6-652202A538EE}.Debug|Any CPU.Build.0 = Debug|Any CPU
		{20900C4F-BB31-4D19-BBF6-652202A538EE}.Release|Any CPU.ActiveCfg = Release|Any CPU
		{20900C4F-BB31-4D19-BBF6-652202A538EE}.Release|Any CPU.Build.0 = Release|Any CPU
	EndGlobalSection
	GlobalSection(SolutionProperties) = preSolution
		HideSolutionNode = FALSE
	EndGlobalSection
	GlobalSection(ExtensibilityGlobals) = postSolution
		SolutionGuid = {0A920215-E806-403A-BECF-07396CA8CFB6}
	EndGlobalSection
EndGlobal
